
Microsoft Visual Studio Solution File, Format Version 12.00
# Visual Studio Version 17
VisualStudioVersion = 17.7.34031.279
MinimumVisualStudioVersion = 10.0.40219.1
Project("{FAE04EC0-301F-11D3-BF4B-00C04F79EFBC}") = "Unidad 5 clientes", "Unidad 5 clientes\Unidad 5 clientes.csproj", "{56B50CC3-74F1-442A-BF2D-CF089506B490}"
EndProject
Global
	GlobalSection(SolutionConfigurationPlatforms) = preSolution
		Debug|Any CPU = Debug|Any CPU
		Release|Any CPU = Release|Any CPU
	EndGlobalSection
	GlobalSection(ProjectConfigurationPlatforms) = postSolution
		{56B50CC3-74F1-442A-BF2D-CF089506B490}.Debug|Any CPU.ActiveCfg = Debug|Any CPU
		{56B50CC3-74F1-442A-BF2D-CF089506B490}.Debug|Any CPU.Build.0 = Debug|Any CPU
		{56B50CC3-74F1-442A-BF2D-CF089506B490}.Release|Any CPU.ActiveCfg = Release|Any CPU
		{56B50CC3-74F1-442A-BF2D-CF089506B490}.Release|Any CPU.Build.0 = Release|Any CPU
	EndGlobalSection
	GlobalSection(SolutionProperties) = preSolution
		HideSolutionNode = FALSE
	EndGlobalSection
	GlobalSection(ExtensibilityGlobals) = postSolution
		SolutionGuid = {0A17AD5D-37DD-4E20-982C-7B1C057C05CF}
	EndGlobalSection
EndGlobal
